
Microsoft Visual Studio Solution File, Format Version 11.00
# Visual Studio 2010
Project("{FAE04EC0-301F-11D3-BF4B-00C04F79EFBC}") = "SPLIn.WebParts", "SPLIn.WebParts\SPLIn.WebParts.csproj", "{44E8C8B5-DDA4-4B33-BD16-1097942777DC}"
EndProject
Global
	GlobalSection(SolutionConfigurationPlatforms) = preSolution
		Debug|Any CPU = Debug|Any CPU
		Release|Any CPU = Release|Any CPU
	EndGlobalSection
	GlobalSection(ProjectConfigurationPlatforms) = postSolution
		{44E8C8B5-DDA4-4B33-BD16-1097942777DC}.Debug|Any CPU.ActiveCfg = Debug|Any CPU
		{44E8C8B5-DDA4-4B33-BD16-1097942777DC}.Debug|Any CPU.Build.0 = Debug|Any CPU
		{44E8C8B5-DDA4-4B33-BD16-1097942777DC}.Debug|Any CPU.Deploy.0 = Debug|Any CPU
		{44E8C8B5-DDA4-4B33-BD16-1097942777DC}.Release|Any CPU.ActiveCfg = Release|Any CPU
		{44E8C8B5-DDA4-4B33-BD16-1097942777DC}.Release|Any CPU.Build.0 = Release|Any CPU
		{44E8C8B5-DDA4-4B33-BD16-1097942777DC}.Release|Any CPU.Deploy.0 = Release|Any CPU
	EndGlobalSection
	GlobalSection(SolutionProperties) = preSolution
		HideSolutionNode = FALSE
	EndGlobalSection
EndGlobal
